// !$*UTF8*$!
{
	archiveVersion = 1;
	classes = {
	};
	objectVersion = 50;
	objects = {

/* Begin PBXBuildFile section */
		95404B4F246BE38F0071C24D /* AppDelegate.swift in Sources */ = {isa = PBXBuildFile; fileRef = 95404B4E246BE38F0071C24D /* AppDelegate.swift */; };
		95404B51246BE38F0071C24D /* SceneDelegate.swift in Sources */ = {isa = PBXBuildFile; fileRef = 95404B50246BE38F0071C24D /* SceneDelegate.swift */; };
		95404B53246BE38F0071C24D /* ContentView.swift in Sources */ = {isa = PBXBuildFile; fileRef = 95404B52246BE38F0071C24D /* ContentView.swift */; };
		95404B55246BE3900071C24D /* Assets.xcassets in Resources */ = {isa = PBXBuildFile; fileRef = 95404B54246BE3900071C24D /* Assets.xcassets */; };
		95404B58246BE3900071C24D /* Preview Assets.xcassets in Resources */ = {isa = PBXBuildFile; fileRef = 95404B57246BE3900071C24D /* Preview Assets.xcassets */; };
		95404B5B246BE3900071C24D /* LaunchScreen.storyboard in Resources */ = {isa = PBXBuildFile; fileRef = 95404B59246BE3900071C24D /* LaunchScreen.storyboard */; };
		95404B76246BEA880071C24D /* HeaderView.swift in Sources */ = {isa = PBXBuildFile; fileRef = 95404B75246BEA880071C24D /* HeaderView.swift */; };
		95404B78246BECD70071C24D /* AllProductView.swift in Sources */ = {isa = PBXBuildFile; fileRef = 95404B77246BECD70071C24D /* AllProductView.swift */; };
		95404B7A246BECE50071C24D /* CoffeeView.swift in Sources */ = {isa = PBXBuildFile; fileRef = 95404B79246BECE50071C24D /* CoffeeView.swift */; };
		95404B7C246BED690071C24D /* ProductCard.swift in Sources */ = {isa = PBXBuildFile; fileRef = 95404B7B246BED690071C24D /* ProductCard.swift */; };
		95404B7E246BF0460071C24D /* CoffeeCard.swift in Sources */ = {isa = PBXBuildFile; fileRef = 95404B7D246BF0460071C24D /* CoffeeCard.swift */; };
/* End PBXBuildFile section */

/* Begin PBXFileReference section */
		95404B4B246BE38F0071C24D /* StarbuckCoffee.app */ = {isa = PBXFileReference; explicitFileType = wrapper.application; includeInIndex = 0; path = StarbuckCoffee.app; sourceTree = BUILT_PRODUCTS_DIR; };
		95404B4E246BE38F0071C24D /* AppDelegate.swift */ = {isa = PBXFileReference; lastKnownFileType = sourcecode.swift; path = AppDelegate.swift; sourceTree = "<group>"; };
		95404B50246BE38F0071C24D /* SceneDelegate.swift */ = {isa = PBXFileReference; lastKnownFileType = sourcecode.swift; path = SceneDelegate.swift; sourceTree = "<group>"; };
		95404B52246BE38F0071C24D /* ContentView.swift */ = {isa = PBXFileReference; lastKnownFileType = sourcecode.swift; path = ContentView.swift; sourceTree = "<group>"; };
		95404B54246BE3900071C24D /* Assets.xcassets */ = {isa = PBXFileReference; lastKnownFileType = folder.assetcatalog; path = Assets.xcassets; sourceTree = "<group>"; };
		95404B57246BE3900071C24D /* Preview Assets.xcassets */ = {isa = PBXFileReference; lastKnownFileType = folder.assetcatalog; path = "Preview Assets.xcassets"; sourceTree = "<group>"; };
		95404B5A246BE3900071C24D /* Base */ = {isa = PBXFileReference; lastKnownFileType = file.storyboard; name = Base; path = Base.lproj/LaunchScreen.storyboard; sourceTree = "<group>"; };
		95404B5C246BE3900071C24D /* Info.plist */ = {isa = PBXFileReference; lastKnownFileType = text.plist.xml; path = Info.plist; sourceTree = "<group>"; };
		95404B63246BE3F00071C24D /* Raleway-SemiBold.ttf */ = {isa = PBXFileReference; lastKnownFileType = file; path = "Raleway-SemiBold.ttf"; sourceTree = "<group>"; };
		95404B64246BE3F00071C24D /* Raleway-ExtraBoldItalic.ttf */ = {isa = PBXFileReference; lastKnownFileType = file; path = "Raleway-ExtraBoldItalic.ttf"; sourceTree = "<group>"; };
		95404B65246BE3F00071C24D /* Raleway-ThinItalic.ttf */ = {isa = PBXFileReference; lastKnownFileType = file; path = "Raleway-ThinItalic.ttf"; sourceTree = "<group>"; };
		95404B66246BE3F00071C24D /* Raleway-Medium.ttf */ = {isa = PBXFileReference; lastKnownFileType = file; path = "Raleway-Medium.ttf"; sourceTree = "<group>"; };
		95404B67246BE3F00071C24D /* Raleway-BoldItalic.ttf */ = {isa = PBXFileReference; lastKnownFileType = file; path = "Raleway-BoldItalic.ttf"; sourceTree = "<group>"; };
		95404B68246BE3F00071C24D /* Raleway-LightItalic.ttf */ = {isa = PBXFileReference; lastKnownFileType = file; path = "Raleway-LightItalic.ttf"; sourceTree = "<group>"; };
		95404B69246BE3F00071C24D /* Raleway-Light.ttf */ = {isa = PBXFileReference; lastKnownFileType = file; path = "Raleway-Light.ttf"; sourceTree = "<group>"; };
		95404B6A246BE3F00071C24D /* Raleway-ExtraLightItalic.ttf */ = {isa = PBXFileReference; lastKnownFileType = file; path = "Raleway-ExtraLightItalic.ttf"; sourceTree = "<group>"; };
		95404B6B246BE3F00071C24D /* Raleway-Regular.ttf */ = {isa = PBXFileReference; lastKnownFileType = file; path = "Raleway-Regular.ttf"; sourceTree = "<group>"; };
		95404B6C246BE3F00071C24D /* Raleway-ExtraLight.ttf */ = {isa = PBXFileReference; lastKnownFileType = file; path = "Raleway-ExtraLight.ttf"; sourceTree = "<group>"; };
		95404B6D246BE3F00071C24D /* Raleway-ExtraBold.ttf */ = {isa = PBXFileReference; lastKnownFileType = file; path = "Raleway-ExtraBold.ttf"; sourceTree = "<group>"; };
		95404B6E246BE3F00071C24D /* Raleway-Thin.ttf */ = {isa = PBXFileReference; lastKnownFileType = file; path = "Raleway-Thin.ttf"; sourceTree = "<group>"; };
		95404B6F246BE3F10071C24D /* Raleway-MediumItalic.ttf */ = {isa = PBXFileReference; lastKnownFileType = file; path = "Raleway-MediumItalic.ttf"; sourceTree = "<group>"; };
		95404B70246BE3F10071C24D /* Raleway-Bold.ttf */ = {isa = PBXFileReference; lastKnownFileType = file; path = "Raleway-Bold.ttf"; sourceTree = "<group>"; };
		95404B71246BE3F10071C24D /* Raleway-SemiBoldItalic.ttf */ = {isa = PBXFileReference; lastKnownFileType = file; path = "Raleway-SemiBoldItalic.ttf"; sourceTree = "<group>"; };
		95404B72246BE3F10071C24D /* Raleway-BlackItalic.ttf */ = {isa = PBXFileReference; lastKnownFileType = file; path = "Raleway-BlackItalic.ttf"; sourceTree = "<group>"; };
		95404B73246BE3F10071C24D /* Raleway-Italic.ttf */ = {isa = PBXFileReference; lastKnownFileType = file; path = "Raleway-Italic.ttf"; sourceTree = "<group>"; };
		95404B74246BE3F10071C24D /* Raleway-Black.ttf */ = {isa = PBXFileReference; lastKnownFileType = file; path = "Raleway-Black.ttf"; sourceTree = "<group>"; };
		95404B75246BEA880071C24D /* HeaderView.swift */ = {isa = PBXFileReference; lastKnownFileType = sourcecode.swift; path = HeaderView.swift; sourceTree = "<group>"; };
		95404B77246BECD70071C24D /* AllProductView.swift */ = {isa = PBXFileReference; lastKnownFileType = sourcecode.swift; path = AllProductView.swift; sourceTree = "<group>"; };
		95404B79246BECE50071C24D /* CoffeeView.swift */ = {isa = PBXFileReference; lastKnownFileType = sourcecode.swift; path = CoffeeView.swift; sourceTree = "<group>"; };
		95404B7B246BED690071C24D /* ProductCard.swift */ = {isa = PBXFileReference; lastKnownFileType = sourcecode.swift; path = ProductCard.swift; sourceTree = "<group>"; };
		95404B7D246BF0460071C24D /* CoffeeCard.swift */ = {isa = PBXFileReference; lastKnownFileType = sourcecode.swift; path = CoffeeCard.swift; sourceTree = "<group>"; };
/* End PBXFileReference section */

/* Begin PBXFrameworksBuildPhase section */
		95404B48246BE38F0071C24D /* Frameworks */ = {
			isa = PBXFrameworksBuildPhase;
			buildActionMask = 2147483647;
			files = (
			);
			runOnlyForDeploymentPostprocessing = 0;
		};
/* End PBXFrameworksBuildPhase section */

/* Begin PBXGroup section */
		95404B42246BE38F0071C24D = {
			isa = PBXGroup;
			children = (
				95404B4D246BE38F0071C24D /* StarbuckCoffee */,
				95404B4C246BE38F0071C24D /* Products */,
			);
			sourceTree = "<group>";
		};
		95404B4C246BE38F0071C24D /* Products */ = {
			isa = PBXGroup;
			children = (
				95404B4B246BE38F0071C24D /* StarbuckCoffee.app */,
			);
			name = Products;
			sourceTree = "<group>";
		};
		95404B4D246BE38F0071C24D /* StarbuckCoffee */ = {
			isa = PBXGroup;
			children = (
				95404B62246BE3E30071C24D /* fonts */,
				95404B4E246BE38F0071C24D /* AppDelegate.swift */,
				95404B50246BE38F0071C24D /* SceneDelegate.swift */,
				95404B52246BE38F0071C24D /* ContentView.swift */,
				95404B54246BE3900071C24D /* Assets.xcassets */,
				95404B59246BE3900071C24D /* LaunchScreen.storyboard */,
				95404B5C246BE3900071C24D /* Info.plist */,
				95404B56246BE3900071C24D /* Preview Content */,
				95404B75246BEA880071C24D /* HeaderView.swift */,
				95404B77246BECD70071C24D /* AllProductView.swift */,
				95404B7B246BED690071C24D /* ProductCard.swift */,
				95404B79246BECE50071C24D /* CoffeeView.swift */,
				95404B7D246BF0460071C24D /* CoffeeCard.swift */,
			);
			path = StarbuckCoffee;
			sourceTree = "<group>";
		};
		95404B56246BE3900071C24D /* Preview Content */ = {
			isa = PBXGroup;
			children = (
				95404B57246BE3900071C24D /* Preview Assets.xcassets */,
			);
			path = "Preview Content";
			sourceTree = "<group>";
		};
		95404B62246BE3E30071C24D /* fonts */ = {
			isa = PBXGroup;
			children = (
				95404B74246BE3F10071C24D /* Raleway-Black.ttf */,
				95404B72246BE3F10071C24D /* Raleway-BlackItalic.ttf */,
				95404B70246BE3F10071C24D /* Raleway-Bold.ttf */,
				95404B67246BE3F00071C24D /* Raleway-BoldItalic.ttf */,
				95404B6D246BE3F00071C24D /* Raleway-ExtraBold.ttf */,
				95404B64246BE3F00071C24D /* Raleway-ExtraBoldItalic.ttf */,
				95404B6C246BE3F00071C24D /* Raleway-ExtraLight.ttf */,
				95404B6A246BE3F00071C24D /* Raleway-ExtraLightItalic.ttf */,
				95404B73246BE3F10071C24D /* Raleway-Italic.ttf */,
				95404B69246BE3F00071C24D /* Raleway-Light.ttf */,
				95404B68246BE3F00071C24D /* Raleway-LightItalic.ttf */,
				95404B66246BE3F00071C24D /* Raleway-Medium.ttf */,
				95404B6F246BE3F10071C24D /* Raleway-MediumItalic.ttf */,
				95404B6B246BE3F00071C24D /* Raleway-Regular.ttf */,
				95404B63246BE3F00071C24D /* Raleway-SemiBold.ttf */,
				95404B71246BE3F10071C24D /* Raleway-SemiBoldItalic.ttf */,
				95404B6E246BE3F00071C24D /* Raleway-Thin.ttf */,
				95404B65246BE3F00071C24D /* Raleway-ThinItalic.ttf */,
			);
			path = fonts;
			sourceTree = "<group>";
		};
/* End PBXGroup section */

/* Begin PBXNativeTarget section */
		95404B4A246BE38F0071C24D /* StarbuckCoffee */ = {
			isa = PBXNativeTarget;
			buildConfigurationList = 95404B5F246BE3900071C24D /* Build configuration list for PBXNativeTarget "StarbuckCoffee" */;
			buildPhases = (
				95404B47246BE38F0071C24D /* Sources */,
				95404B48246BE38F0071C24D /* Frameworks */,
				95404B49246BE38F0071C24D /* Resources */,
			);
			buildRules = (
			);
			dependencies = (
			);
			name = StarbuckCoffee;
			productName = StarbuckCoffee;
			productReference = 95404B4B246BE38F0071C24D /* StarbuckCoffee.app */;
			productType = "com.apple.product-type.application";
		};
/* End PBXNativeTarget section */

/* Begin PBXProject section */
		95404B43246BE38F0071C24D /* Project object */ = {
			isa = PBXProject;
			attributes = {
				LastSwiftUpdateCheck = 1140;
				LastUpgradeCheck = 1140;
				ORGANIZATIONNAME = com.ri;
				TargetAttributes = {
					95404B4A246BE38F0071C24D = {
						CreatedOnToolsVersion = 11.4.1;
					};
				};
			};
			buildConfigurationList = 95404B46246BE38F0071C24D /* Build configuration list for PBXProject "StarbuckCoffee" */;
			compatibilityVersion = "Xcode 9.3";
			developmentRegion = en;
			hasScannedForEncodings = 0;
			knownRegions = (
				en,
				Base,
			);
			mainGroup = 95404B42246BE38F0071C24D;
			productRefGroup = 95404B4C246BE38F0071C24D /* Products */;
			projectDirPath = "";
			projectRoot = "";
			targets = (
				95404B4A246BE38F0071C24D /* StarbuckCoffee */,
			);
		};
/* End PBXProject section */

/* Begin PBXResourcesBuildPhase section */
		95404B49246BE38F0071C24D /* Resources */ = {
			isa = PBXResourcesBuildPhase;
			buildActionMask = 2147483647;
			files = (
				95404B5B246BE3900071C24D /* LaunchScreen.storyboard in Resources */,
				95404B58246BE3900071C24D /* Preview Assets.xcassets in Resources */,
				95404B55246BE3900071C24D /* Assets.xcassets in Resources */,
			);
			runOnlyForDeploymentPostprocessing = 0;
		};
/* End PBXResourcesBuildPhase section */

/* Begin PBXSourcesBuildPhase section */
		95404B47246BE38F0071C24D /* Sources */ = {
			isa = PBXSourcesBuildPhase;
			buildActionMask = 2147483647;
			files = (
				95404B4F246BE38F0071C24D /* AppDelegate.swift in Sources */,
				95404B51246BE38F0071C24D /* SceneDelegate.swift in Sources */,
				95404B7A246BECE50071C24D /* CoffeeView.swift in Sources */,
				95404B53246BE38F0071C24D /* ContentView.swift in Sources */,
				95404B76246BEA880071C24D /* HeaderView.swift in Sources */,
				95404B7E246BF0460071C24D /* CoffeeCard.swift in Sources */,
				95404B78246BECD70071C24D /* AllProductView.swift in Sources */,
				95404B7C246BED690071C24D /* ProductCard.swift in Sources */,
			);
			runOnlyForDeploymentPostprocessing = 0;
		};
/* End PBXSourcesBuildPhase section */

/* Begin PBXVariantGroup section */
		95404B59246BE3900071C24D /* LaunchScreen.storyboard */ = {
			isa = PBXVariantGroup;
			children = (
				95404B5A246BE3900071C24D /* Base */,
			);
			name = LaunchScreen.storyboard;
			sourceTree = "<group>";
		};
/* End PBXVariantGroup section */

/* Begin XCBuildConfiguration section */
		95404B5D246BE3900071C24D /* Debug */ = {
			isa = XCBuildConfiguration;
			buildSettings = {
				ALWAYS_SEARCH_USER_PATHS = NO;
				CLANG_ANALYZER_NONNULL = YES;
				CLANG_ANALYZER_NUMBER_OBJECT_CONVERSION = YES_AGGRESSIVE;
				CLANG_CXX_LANGUAGE_STANDARD = "gnu++14";
				CLANG_CXX_LIBRARY = "libc++";
				CLANG_ENABLE_MODULES = YES;
				CLANG_ENABLE_OBJC_ARC = YES;
				CLANG_ENABLE_OBJC_WEAK = YES;
				CLANG_WARN_BLOCK_CAPTURE_AUTORELEASING = YES;
				CLANG_WARN_BOOL_CONVERSION = YES;
				CLANG_WARN_COMMA = YES;
				CLANG_WARN_CONSTANT_CONVERSION = YES;
				CLANG_WARN_DEPRECATED_OBJC_IMPLEMENTATIONS = YES;
				CLANG_WARN_DIRECT_OBJC_ISA_USAGE = YES_ERROR;
				CLANG_WARN_DOCUMENTATION_COMMENTS = YES;
				CLANG_WARN_EMPTY_BODY = YES;
				CLANG_WARN_ENUM_CONVERSION = YES;
				CLANG_WARN_INFINITE_RECURSION = YES;
				CLANG_WARN_INT_CONVERSION = YES;
				CLANG_WARN_NON_LITERAL_NULL_CONVERSION = YES;
				CLANG_WARN_OBJC_IMPLICIT_RETAIN_SELF = YES;
				CLANG_WARN_OBJC_LITERAL_CONVERSION = YES;
				CLANG_WARN_OBJC_ROOT_CLASS = YES_ERROR;
				CLANG_WARN_RANGE_LOOP_ANALYSIS = YES;
				CLANG_WARN_STRICT_PROTOTYPES = YES;
				CLANG_WARN_SUSPICIOUS_MOVE = YES;
				CLANG_WARN_UNGUARDED_AVAILABILITY = YES_AGGRESSIVE;
				CLANG_WARN_UNREACHABLE_CODE = YES;
				CLANG_WARN__DUPLICATE_METHOD_MATCH = YES;
				COPY_PHASE_STRIP = NO;
				DEBUG_INFORMATION_FORMAT = dwarf;
				ENABLE_STRICT_OBJC_MSGSEND = YES;
				ENABLE_TESTABILITY = YES;
				GCC_C_LANGUAGE_STANDARD = gnu11;
				GCC_DYNAMIC_NO_PIC = NO;
				GCC_NO_COMMON_BLOCKS = YES;
				GCC_OPTIMIZATION_LEVEL = 0;
				GCC_PREPROCESSOR_DEFINITIONS = (
					"DEBUG=1",
					"$(inherited)",
				);
				GCC_WARN_64_TO_32_BIT_CONVERSION = YES;
				GCC_WARN_ABOUT_RETURN_TYPE = YES_ERROR;
				GCC_WARN_UNDECLARED_SELECTOR = YES;
				GCC_WARN_UNINITIALIZED_AUTOS = YES_AGGRESSIVE;
				GCC_WARN_UNUSED_FUNCTION = YES;
				GCC_WARN_UNUSED_VARIABLE = YES;
				IPHONEOS_DEPLOYMENT_TARGET = 13.4;
				MTL_ENABLE_DEBUG_INFO = INCLUDE_SOURCE;
				MTL_FAST_MATH = YES;
				ONLY_ACTIVE_ARCH = YES;
				SDKROOT = iphoneos;
				SWIFT_ACTIVE_COMPILATION_CONDITIONS = DEBUG;
				SWIFT_OPTIMIZATION_LEVEL = "-Onone";
			};
			name = Debug;
		};
		95404B5E246BE3900071C24D /* Release */ = {
			isa = XCBuildConfiguration;
			buildSettings = {
				ALWAYS_SEARCH_USER_PATHS = NO;
				CLANG_ANALYZER_NONNULL = YES;
				CLANG_ANALYZER_NUMBER_OBJECT_CONVERSION = YES_AGGRESSIVE;
				CLANG_CXX_LANGUAGE_STANDARD = "gnu++14";
				CLANG_CXX_LIBRARY = "libc++";
				CLANG_ENABLE_MODULES = YES;
				CLANG_ENABLE_OBJC_ARC = YES;
				CLANG_ENABLE_OBJC_WEAK = YES;
				CLANG_WARN_BLOCK_CAPTURE_AUTORELEASING = YES;
				CLANG_WARN_BOOL_CONVERSION = YES;
				CLANG_WARN_COMMA = YES;
				CLANG_WARN_CONSTANT_CONVERSION = YES;
				CLANG_WARN_DEPRECATED_OBJC_IMPLEMENTATIONS = YES;
				CLANG_WARN_DIRECT_OBJC_ISA_USAGE = YES_ERROR;
				CLANG_WARN_DOCUMENTATION_COMMENTS = YES;
				CLANG_WARN_EMPTY_BODY = YES;
				CLANG_WARN_ENUM_CONVERSION = YES;
				CLANG_WARN_INFINITE_RECURSION = YES;
				CLANG_WARN_INT_CONVERSION = YES;
				CLANG_WARN_NON_LITERAL_NULL_CONVERSION = YES;
				CLANG_WARN_OBJC_IMPLICIT_RETAIN_SELF = YES;
				CLANG_WARN_OBJC_LITERAL_CONVERSION = YES;
				CLANG_WARN_OBJC_ROOT_CLASS = YES_ERROR;
				CLANG_WARN_RANGE_LOOP_ANALYSIS = YES;
				CLANG_WARN_STRICT_PROTOTYPES = YES;
				CLANG_WARN_SUSPICIOUS_MOVE = YES;
				CLANG_WARN_UNGUARDED_AVAILABILITY = YES_AGGRESSIVE;
				CLANG_WARN_UNREACHABLE_CODE = YES;
				CLANG_WARN__DUPLICATE_METHOD_MATCH = YES;
				COPY_PHASE_STRIP = NO;
				DEBUG_INFORMATION_FORMAT = "dwarf-with-dsym";
				ENABLE_NS_ASSERTIONS = NO;
				ENABLE_STRICT_OBJC_MSGSEND = YES;
				GCC_C_LANGUAGE_STANDARD = gnu11;
				GCC_NO_COMMON_BLOCKS = YES;
				GCC_WARN_64_TO_32_BIT_CONVERSION = YES;
				GCC_WARN_ABOUT_RETURN_TYPE = YES_ERROR;
				GCC_WARN_UNDECLARED_SELECTOR = YES;
				GCC_WARN_UNINITIALIZED_AUTOS = YES_AGGRESSIVE;
				GCC_WARN_UNUSED_FUNCTION = YES;
				GCC_WARN_UNUSED_VARIABLE = YES;
				IPHONEOS_DEPLOYMENT_TARGET = 13.4;
				MTL_ENABLE_DEBUG_INFO = NO;
				MTL_FAST_MATH = YES;
				SDKROOT = iphoneos;
				SWIFT_COMPILATION_MODE = wholemodule;
				SWIFT_OPTIMIZATION_LEVEL = "-O";
				VALIDATE_PRODUCT = YES;
			};
			name = Release;
		};
		95404B60246BE3900071C24D /* Debug */ = {
			isa = XCBuildConfiguration;
			buildSettings = {
				ASSETCATALOG_COMPILER_APPICON_NAME = AppIcon;
				CODE_SIGN_STYLE = Automatic;
				DEVELOPMENT_ASSET_PATHS = "\"StarbuckCoffee/Preview Content\"";
				DEVELOPMENT_TEAM = L8W86DZDY2;
				ENABLE_PREVIEWS = YES;
				INFOPLIST_FILE = StarbuckCoffee/Info.plist;
				LD_RUNPATH_SEARCH_PATHS = (
					"$(inherited)",
					"@executable_path/Frameworks",
				);
				PRODUCT_BUNDLE_IDENTIFIER = com.ri.StarbuckCoffee;
				PRODUCT_NAME = "$(TARGET_NAME)";
				SWIFT_VERSION = 5.0;
				TARGETED_DEVICE_FAMILY = "1,2";
			};
			name = Debug;
		};
		95404B61246BE3900071C24D /* Release */ = {
			isa = XCBuildConfiguration;
			buildSettings = {
				ASSETCATALOG_COMPILER_APPICON_NAME = AppIcon;
				CODE_SIGN_STYLE = Automatic;
				DEVELOPMENT_ASSET_PATHS = "\"StarbuckCoffee/Preview Content\"";
				DEVELOPMENT_TEAM = L8W86DZDY2;
				ENABLE_PREVIEWS = YES;
				INFOPLIST_FILE = StarbuckCoffee/Info.plist;
				LD_RUNPATH_SEARCH_PATHS = (
					"$(inherited)",
					"@executable_path/Frameworks",
				);
				PRODUCT_BUNDLE_IDENTIFIER = com.ri.StarbuckCoffee;
				PRODUCT_NAME = "$(TARGET_NAME)";
				SWIFT_VERSION = 5.0;
				TARGETED_DEVICE_FAMILY = "1,2";
			};
			name = Release;
		};
/* End XCBuildConfiguration section */

/* Begin XCConfigurationList section */
		95404B46246BE38F0071C24D /* Build configuration list for PBXProject "StarbuckCoffee" */ = {
			isa = XCConfigurationList;
			buildConfigurations = (
				95404B5D246BE3900071C24D /* Debug */,
				95404B5E246BE3900071C24D /* Release */,
			);
			defaultConfigurationIsVisible = 0;
			defaultConfigurationName = Release;
		};
		95404B5F246BE3900071C24D /* Build configuration list for PBXNativeTarget "StarbuckCoffee" */ = {
			isa = XCConfigurationList;
			buildConfigurations = (
				95404B60246BE3900071C24D /* Debug */,
				95404B61246BE3900071C24D /* Release */,
			);
			defaultConfigurationIsVisible = 0;
			defaultConfigurationName = Release;
		};
/* End XCConfigurationList section */
	};
	rootObject = 95404B43246BE38F0071C24D /* Project object */;
}
